// !$*UTF8*$!
{
	archiveVersion = 1;
	classes = {
	};
	objectVersion = 55;
	objects = {

/* Begin PBXBuildFile section */
		A1ABD2EB29B3088F00442C9B /* AppDelegate.swift in Sources */ = {isa = PBXBuildFile; fileRef = A1ABD2EA29B3088F00442C9B /* AppDelegate.swift */; };
		A1ABD2ED29B3088F00442C9B /* SceneDelegate.swift in Sources */ = {isa = PBXBuildFile; fileRef = A1ABD2EC29B3088F00442C9B /* SceneDelegate.swift */; };
		A1ABD2EF29B3088F00442C9B /* ViewController.swift in Sources */ = {isa = PBXBuildFile; fileRef = A1ABD2EE29B3088F00442C9B /* ViewController.swift */; };
		A1ABD2F229B3088F00442C9B /* Main.storyboard in Resources */ = {isa = PBXBuildFile; fileRef = A1ABD2F029B3088F00442C9B /* Main.storyboard */; };
		A1ABD2F429B3089200442C9B /* Assets.xcassets in Resources */ = {isa = PBXBuildFile; fileRef = A1ABD2F329B3089200442C9B /* Assets.xcassets */; };
		A1ABD2F729B3089200442C9B /* LaunchScreen.storyboard in Resources */ = {isa = PBXBuildFile; fileRef = A1ABD2F529B3089200442C9B /* LaunchScreen.storyboard */; };
		A1ABD30229B3089200442C9B /* NewsTests.swift in Sources */ = {isa = PBXBuildFile; fileRef = A1ABD30129B3089200442C9B /* NewsTests.swift */; };
		A1ABD30C29B3089200442C9B /* NewsUITests.swift in Sources */ = {isa = PBXBuildFile; fileRef = A1ABD30B29B3089200442C9B /* NewsUITests.swift */; };
		A1ABD30E29B3089200442C9B /* NewsUITestsLaunchTests.swift in Sources */ = {isa = PBXBuildFile; fileRef = A1ABD30D29B3089200442C9B /* NewsUITestsLaunchTests.swift */; };
/* End PBXBuildFile section */

/* Begin PBXContainerItemProxy section */
		A1ABD2FE29B3089200442C9B /* PBXContainerItemProxy */ = {
			isa = PBXContainerItemProxy;
			containerPortal = A1ABD2DF29B3088F00442C9B /* Project object */;
			proxyType = 1;
			remoteGlobalIDString = A1ABD2E629B3088F00442C9B;
			remoteInfo = News;
		};
		A1ABD30829B3089200442C9B /* PBXContainerItemProxy */ = {
			isa = PBXContainerItemProxy;
			containerPortal = A1ABD2DF29B3088F00442C9B /* Project object */;
			proxyType = 1;
			remoteGlobalIDString = A1ABD2E629B3088F00442C9B;
			remoteInfo = News;
		};
/* End PBXContainerItemProxy section */

/* Begin PBXFileReference section */
		A1ABD2E729B3088F00442C9B /* News.app */ = {isa = PBXFileReference; explicitFileType = wrapper.application; includeInIndex = 0; path = News.app; sourceTree = BUILT_PRODUCTS_DIR; };
		A1ABD2EA29B3088F00442C9B /* AppDelegate.swift */ = {isa = PBXFileReference; lastKnownFileType = sourcecode.swift; path = AppDelegate.swift; sourceTree = "<group>"; };
		A1ABD2EC29B3088F00442C9B /* SceneDelegate.swift */ = {isa = PBXFileReference; lastKnownFileType = sourcecode.swift; path = SceneDelegate.swift; sourceTree = "<group>"; };
		A1ABD2EE29B3088F00442C9B /* ViewController.swift */ = {isa = PBXFileReference; lastKnownFileType = sourcecode.swift; path = ViewController.swift; sourceTree = "<group>"; };
		A1ABD2F129B3088F00442C9B /* Base */ = {isa = PBXFileReference; lastKnownFileType = file.storyboard; name = Base; path = Base.lproj/Main.storyboard; sourceTree = "<group>"; };
		A1ABD2F329B3089200442C9B /* Assets.xcassets */ = {isa = PBXFileReference; lastKnownFileType = folder.assetcatalog; path = Assets.xcassets; sourceTree = "<group>"; };
		A1ABD2F629B3089200442C9B /* Base */ = {isa = PBXFileReference; lastKnownFileType = file.storyboard; name = Base; path = Base.lproj/LaunchScreen.storyboard; sourceTree = "<group>"; };
		A1ABD2F829B3089200442C9B /* Info.plist */ = {isa = PBXFileReference; lastKnownFileType = text.plist.xml; path = Info.plist; sourceTree = "<group>"; };
		A1ABD2FD29B3089200442C9B /* NewsTests.xctest */ = {isa = PBXFileReference; explicitFileType = wrapper.cfbundle; includeInIndex = 0; path = NewsTests.xctest; sourceTree = BUILT_PRODUCTS_DIR; };
		A1ABD30129B3089200442C9B /* NewsTests.swift */ = {isa = PBXFileReference; lastKnownFileType = sourcecode.swift; path = NewsTests.swift; sourceTree = "<group>"; };
		A1ABD30729B3089200442C9B /* NewsUITests.xctest */ = {isa = PBXFileReference; explicitFileType = wrapper.cfbundle; includeInIndex = 0; path = NewsUITests.xctest; sourceTree = BUILT_PRODUCTS_DIR; };
		A1ABD30B29B3089200442C9B /* NewsUITests.swift */ = {isa = PBXFileReference; lastKnownFileType = sourcecode.swift; path = NewsUITests.swift; sourceTree = "<group>"; };
		A1ABD30D29B3089200442C9B /* NewsUITestsLaunchTests.swift */ = {isa = PBXFileReference; lastKnownFileType = sourcecode.swift; path = NewsUITestsLaunchTests.swift; sourceTree = "<group>"; };
/* End PBXFileReference section */

/* Begin PBXFrameworksBuildPhase section */
		A1ABD2E429B3088F00442C9B /* Frameworks */ = {
			isa = PBXFrameworksBuildPhase;
			buildActionMask = 2147483647;
			files = (
			);
			runOnlyForDeploymentPostprocessing = 0;
		};
		A1ABD2FA29B3089200442C9B /* Frameworks */ = {
			isa = PBXFrameworksBuildPhase;
			buildActionMask = 2147483647;
			files = (
			);
			runOnlyForDeploymentPostprocessing = 0;
		};
		A1ABD30429B3089200442C9B /* Frameworks */ = {
			isa = PBXFrameworksBuildPhase;
			buildActionMask = 2147483647;
			files = (
			);
			runOnlyForDeploymentPostprocessing = 0;
		};
/* End PBXFrameworksBuildPhase section */

/* Begin PBXGroup section */
		A1ABD2DE29B3088F00442C9B = {
			isa = PBXGroup;
			children = (
				A1ABD2E929B3088F00442C9B /* News */,
				A1ABD30029B3089200442C9B /* NewsTests */,
				A1ABD30A29B3089200442C9B /* NewsUITests */,
				A1ABD2E829B3088F00442C9B /* Products */,
			);
			sourceTree = "<group>";
		};
		A1ABD2E829B3088F00442C9B /* Products */ = {
			isa = PBXGroup;
			children = (
				A1ABD2E729B3088F00442C9B /* News.app */,
				A1ABD2FD29B3089200442C9B /* NewsTests.xctest */,
				A1ABD30729B3089200442C9B /* NewsUITests.xctest */,
			);
			name = Products;
			sourceTree = "<group>";
		};
		A1ABD2E929B3088F00442C9B /* News */ = {
			isa = PBXGroup;
			children = (
				A1ABD2EA29B3088F00442C9B /* AppDelegate.swift */,
				A1ABD2EC29B3088F00442C9B /* SceneDelegate.swift */,
				A1ABD2EE29B3088F00442C9B /* ViewController.swift */,
				A1ABD2F029B3088F00442C9B /* Main.storyboard */,
				A1ABD2F329B3089200442C9B /* Assets.xcassets */,
				A1ABD2F529B3089200442C9B /* LaunchScreen.storyboard */,
				A1ABD2F829B3089200442C9B /* Info.plist */,
			);
			path = News;
			sourceTree = "<group>";
		};
		A1ABD30029B3089200442C9B /* NewsTests */ = {
			isa = PBXGroup;
			children = (
				A1ABD30129B3089200442C9B /* NewsTests.swift */,
			);
			path = NewsTests;
			sourceTree = "<group>";
		};
		A1ABD30A29B3089200442C9B /* NewsUITests */ = {
			isa = PBXGroup;
			children = (
				A1ABD30B29B3089200442C9B /* NewsUITests.swift */,
				A1ABD30D29B3089200442C9B /* NewsUITestsLaunchTests.swift */,
			);
			path = NewsUITests;
			sourceTree = "<group>";
		};
/* End PBXGroup section */

/* Begin PBXNativeTarget section */
		A1ABD2E629B3088F00442C9B /* News */ = {
			isa = PBXNativeTarget;
			buildConfigurationList = A1ABD31129B3089300442C9B /* Build configuration list for PBXNativeTarget "News" */;
			buildPhases = (
				A1ABD2E329B3088F00442C9B /* Sources */,
				A1ABD2E429B3088F00442C9B /* Frameworks */,
				A1ABD2E529B3088F00442C9B /* Resources */,
			);
			buildRules = (
			);
			dependencies = (
			);
			name = News;
			productName = News;
			productReference = A1ABD2E729B3088F00442C9B /* News.app */;
			productType = "com.apple.product-type.application";
		};
		A1ABD2FC29B3089200442C9B /* NewsTests */ = {
			isa = PBXNativeTarget;
			buildConfigurationList = A1ABD31429B3089300442C9B /* Build configuration list for PBXNativeTarget "NewsTests" */;
			buildPhases = (
				A1ABD2F929B3089200442C9B /* Sources */,
				A1ABD2FA29B3089200442C9B /* Frameworks */,
				A1ABD2FB29B3089200442C9B /* Resources */,
			);
			buildRules = (
			);
			dependencies = (
				A1ABD2FF29B3089200442C9B /* PBXTargetDependency */,
			);
			name = NewsTests;
			productName = NewsTests;
			productReference = A1ABD2FD29B3089200442C9B /* NewsTests.xctest */;
			productType = "com.apple.product-type.bundle.unit-test";
		};
		A1ABD30629B3089200442C9B /* NewsUITests */ = {
			isa = PBXNativeTarget;
			buildConfigurationList = A1ABD31729B3089300442C9B /* Build configuration list for PBXNativeTarget "NewsUITests" */;
			buildPhases = (
				A1ABD30329B3089200442C9B /* Sources */,
				A1ABD30429B3089200442C9B /* Frameworks */,
				A1ABD30529B3089200442C9B /* Resources */,
			);
			buildRules = (
			);
			dependencies = (
				A1ABD30929B3089200442C9B /* PBXTargetDependency */,
			);
			name = NewsUITests;
			productName = NewsUITests;
			productReference = A1ABD30729B3089200442C9B /* NewsUITests.xctest */;
			productType = "com.apple.product-type.bundle.ui-testing";
		};
/* End PBXNativeTarget section */

/* Begin PBXProject section */
		A1ABD2DF29B3088F00442C9B /* Project object */ = {
			isa = PBXProject;
			attributes = {
				BuildIndependentTargetsInParallel = 1;
				LastSwiftUpdateCheck = 1340;
				LastUpgradeCheck = 1340;
				TargetAttributes = {
					A1ABD2E629B3088F00442C9B = {
						CreatedOnToolsVersion = 13.4.1;
					};
					A1ABD2FC29B3089200442C9B = {
						CreatedOnToolsVersion = 13.4.1;
						TestTargetID = A1ABD2E629B3088F00442C9B;
					};
					A1ABD30629B3089200442C9B = {
						CreatedOnToolsVersion = 13.4.1;
						TestTargetID = A1ABD2E629B3088F00442C9B;
					};
				};
			};
			buildConfigurationList = A1ABD2E229B3088F00442C9B /* Build configuration list for PBXProject "News" */;
			compatibilityVersion = "Xcode 13.0";
			developmentRegion = en;
			hasScannedForEncodings = 0;
			knownRegions = (
				en,
				Base,
			);
			mainGroup = A1ABD2DE29B3088F00442C9B;
			productRefGroup = A1ABD2E829B3088F00442C9B /* Products */;
			projectDirPath = "";
			projectRoot = "";
			targets = (
				A1ABD2E629B3088F00442C9B /* News */,
				A1ABD2FC29B3089200442C9B /* NewsTests */,
				A1ABD30629B3089200442C9B /* NewsUITests */,
			);
		};
/* End PBXProject section */

/* Begin PBXResourcesBuildPhase section */
		A1ABD2E529B3088F00442C9B /* Resources */ = {
			isa = PBXResourcesBuildPhase;
			buildActionMask = 2147483647;
			files = (
				A1ABD2F729B3089200442C9B /* LaunchScreen.storyboard in Resources */,
				A1ABD2F429B3089200442C9B /* Assets.xcassets in Resources */,
				A1ABD2F229B3088F00442C9B /* Main.storyboard in Resources */,
			);
			runOnlyForDeploymentPostprocessing = 0;
		};
		A1ABD2FB29B3089200442C9B /* Resources */ = {
			isa = PBXResourcesBuildPhase;
			buildActionMask = 2147483647;
			files = (
			);
			runOnlyForDeploymentPostprocessing = 0;
		};
		A1ABD30529B3089200442C9B /* Resources */ = {
			isa = PBXResourcesBuildPhase;
			buildActionMask = 2147483647;
			files = (
			);
			runOnlyForDeploymentPostprocessing = 0;
		};
/* End PBXResourcesBuildPhase section */

/* Begin PBXSourcesBuildPhase section */
		A1ABD2E329B3088F00442C9B /* Sources */ = {
			isa = PBXSourcesBuildPhase;
			buildActionMask = 2147483647;
			files = (
				A1ABD2EF29B3088F00442C9B /* ViewController.swift in Sources */,
				A1ABD2EB29B3088F00442C9B /* AppDelegate.swift in Sources */,
				A1ABD2ED29B3088F00442C9B /* SceneDelegate.swift in Sources */,
			);
			runOnlyForDeploymentPostprocessing = 0;
		};
		A1ABD2F929B3089200442C9B /* Sources */ = {
			isa = PBXSourcesBuildPhase;
			buildActionMask = 2147483647;
			files = (
				A1ABD30229B3089200442C9B /* NewsTests.swift in Sources */,
			);
			runOnlyForDeploymentPostprocessing = 0;
		};
		A1ABD30329B3089200442C9B /* Sources */ = {
			isa = PBXSourcesBuildPhase;
			buildActionMask = 2147483647;
			files = (
				A1ABD30C29B3089200442C9B /* NewsUITests.swift in Sources */,
				A1ABD30E29B3089200442C9B /* NewsUITestsLaunchTests.swift in Sources */,
			);
			runOnlyForDeploymentPostprocessing = 0;
		};
/* End PBXSourcesBuildPhase section */

/* Begin PBXTargetDependency section */
		A1ABD2FF29B3089200442C9B /* PBXTargetDependency */ = {
			isa = PBXTargetDependency;
			target = A1ABD2E629B3088F00442C9B /* News */;
			targetProxy = A1ABD2FE29B3089200442C9B /* PBXContainerItemProxy */;
		};
		A1ABD30929B3089200442C9B /* PBXTargetDependency */ = {
			isa = PBXTargetDependency;
			target = A1ABD2E629B3088F00442C9B /* News */;
			targetProxy = A1ABD30829B3089200442C9B /* PBXContainerItemProxy */;
		};
/* End PBXTargetDependency section */

/* Begin PBXVariantGroup section */
		A1ABD2F029B3088F00442C9B /* Main.storyboard */ = {
			isa = PBXVariantGroup;
			children = (
				A1ABD2F129B3088F00442C9B /* Base */,
			);
			name = Main.storyboard;
			sourceTree = "<group>";
		};
		A1ABD2F529B3089200442C9B /* LaunchScreen.storyboard */ = {
			isa = PBXVariantGroup;
			children = (
				A1ABD2F629B3089200442C9B /* Base */,
			);
			name = LaunchScreen.storyboard;
			sourceTree = "<group>";
		};
/* End PBXVariantGroup section */

/* Begin XCBuildConfiguration section */
		A1ABD30F29B3089300442C9B /* Debug */ = {
			isa = XCBuildConfiguration;
			buildSettings = {
				ALWAYS_SEARCH_USER_PATHS = NO;
				CLANG_ANALYZER_NONNULL = YES;
				CLANG_ANALYZER_NUMBER_OBJECT_CONVERSION = YES_AGGRESSIVE;
				CLANG_CXX_LANGUAGE_STANDARD = "gnu++17";
				CLANG_ENABLE_MODULES = YES;
				CLANG_ENABLE_OBJC_ARC = YES;
				CLANG_ENABLE_OBJC_WEAK = YES;
				CLANG_WARN_BLOCK_CAPTURE_AUTORELEASING = YES;
				CLANG_WARN_BOOL_CONVERSION = YES;
				CLANG_WARN_COMMA = YES;
				CLANG_WARN_CONSTANT_CONVERSION = YES;
				CLANG_WARN_DEPRECATED_OBJC_IMPLEMENTATIONS = YES;
				CLANG_WARN_DIRECT_OBJC_ISA_USAGE = YES_ERROR;
				CLANG_WARN_DOCUMENTATION_COMMENTS = YES;
				CLANG_WARN_EMPTY_BODY = YES;
				CLANG_WARN_ENUM_CONVERSION = YES;
				CLANG_WARN_INFINITE_RECURSION = YES;
				CLANG_WARN_INT_CONVERSION = YES;
				CLANG_WARN_NON_LITERAL_NULL_CONVERSION = YES;
				CLANG_WARN_OBJC_IMPLICIT_RETAIN_SELF = YES;
				CLANG_WARN_OBJC_LITERAL_CONVERSION = YES;
				CLANG_WARN_OBJC_ROOT_CLASS = YES_ERROR;
				CLANG_WARN_QUOTED_INCLUDE_IN_FRAMEWORK_HEADER = YES;
				CLANG_WARN_RANGE_LOOP_ANALYSIS = YES;
				CLANG_WARN_STRICT_PROTOTYPES = YES;
				CLANG_WARN_SUSPICIOUS_MOVE = YES;
				CLANG_WARN_UNGUARDED_AVAILABILITY = YES_AGGRESSIVE;
				CLANG_WARN_UNREACHABLE_CODE = YES;
				CLANG_WARN__DUPLICATE_METHOD_MATCH = YES;
				COPY_PHASE_STRIP = NO;
				DEBUG_INFORMATION_FORMAT = dwarf;
				ENABLE_STRICT_OBJC_MSGSEND = YES;
				ENABLE_TESTABILITY = YES;
				GCC_C_LANGUAGE_STANDARD = gnu11;
				GCC_DYNAMIC_NO_PIC = NO;
				GCC_NO_COMMON_BLOCKS = YES;
				GCC_OPTIMIZATION_LEVEL = 0;
				GCC_PREPROCESSOR_DEFINITIONS = (
					"DEBUG=1",
					"$(inherited)",
				);
				GCC_WARN_64_TO_32_BIT_CONVERSION = YES;
				GCC_WARN_ABOUT_RETURN_TYPE = YES_ERROR;
				GCC_WARN_UNDECLARED_SELECTOR = YES;
				GCC_WARN_UNINITIALIZED_AUTOS = YES_AGGRESSIVE;
				GCC_WARN_UNUSED_FUNCTION = YES;
				GCC_WARN_UNUSED_VARIABLE = YES;
				IPHONEOS_DEPLOYMENT_TARGET = 15.5;
				MTL_ENABLE_DEBUG_INFO = INCLUDE_SOURCE;
				MTL_FAST_MATH = YES;
				ONLY_ACTIVE_ARCH = YES;
				SDKROOT = iphoneos;
				SWIFT_ACTIVE_COMPILATION_CONDITIONS = DEBUG;
				SWIFT_OPTIMIZATION_LEVEL = "-Onone";
			};
			name = Debug;
		};
		A1ABD31029B3089300442C9B /* Release */ = {
			isa = XCBuildConfiguration;
			buildSettings = {
				ALWAYS_SEARCH_USER_PATHS = NO;
				CLANG_ANALYZER_NONNULL = YES;
				CLANG_ANALYZER_NUMBER_OBJECT_CONVERSION = YES_AGGRESSIVE;
				CLANG_CXX_LANGUAGE_STANDARD = "gnu++17";
				CLANG_ENABLE_MODULES = YES;
				CLANG_ENABLE_OBJC_ARC = YES;
				CLANG_ENABLE_OBJC_WEAK = YES;
				CLANG_WARN_BLOCK_CAPTURE_AUTORELEASING = YES;
				CLANG_WARN_BOOL_CONVERSION = YES;
				CLANG_WARN_COMMA = YES;
				CLANG_WARN_CONSTANT_CONVERSION = YES;
				CLANG_WARN_DEPRECATED_OBJC_IMPLEMENTATIONS = YES;
				CLANG_WARN_DIRECT_OBJC_ISA_USAGE = YES_ERROR;
				CLANG_WARN_DOCUMENTATION_COMMENTS = YES;
				CLANG_WARN_EMPTY_BODY = YES;
				CLANG_WARN_ENUM_CONVERSION = YES;
				CLANG_WARN_INFINITE_RECURSION = YES;
				CLANG_WARN_INT_CONVERSION = YES;
				CLANG_WARN_NON_LITERAL_NULL_CONVERSION = YES;
				CLANG_WARN_OBJC_IMPLICIT_RETAIN_SELF = YES;
				CLANG_WARN_OBJC_LITERAL_CONVERSION = YES;
				CLANG_WARN_OBJC_ROOT_CLASS = YES_ERROR;
				CLANG_WARN_QUOTED_INCLUDE_IN_FRAMEWORK_HEADER = YES;
				CLANG_WARN_RANGE_LOOP_ANALYSIS = YES;
				CLANG_WARN_STRICT_PROTOTYPES = YES;
				CLANG_WARN_SUSPICIOUS_MOVE = YES;
				CLANG_WARN_UNGUARDED_AVAILABILITY = YES_AGGRESSIVE;
				CLANG_WARN_UNREACHABLE_CODE = YES;
				CLANG_WARN__DUPLICATE_METHOD_MATCH = YES;
				COPY_PHASE_STRIP = NO;
				DEBUG_INFORMATION_FORMAT = "dwarf-with-dsym";
				ENABLE_NS_ASSERTIONS = NO;
				ENABLE_STRICT_OBJC_MSGSEND = YES;
				GCC_C_LANGUAGE_STANDARD = gnu11;
				GCC_NO_COMMON_BLOCKS = YES;
				GCC_WARN_64_TO_32_BIT_CONVERSION = YES;
				GCC_WARN_ABOUT_RETURN_TYPE = YES_ERROR;
				GCC_WARN_UNDECLARED_SELECTOR = YES;
				GCC_WARN_UNINITIALIZED_AUTOS = YES_AGGRESSIVE;
				GCC_WARN_UNUSED_FUNCTION = YES;
				GCC_WARN_UNUSED_VARIABLE = YES;
				IPHONEOS_DEPLOYMENT_TARGET = 15.5;
				MTL_ENABLE_DEBUG_INFO = NO;
				MTL_FAST_MATH = YES;
				SDKROOT = iphoneos;
				SWIFT_COMPILATION_MODE = wholemodule;
				SWIFT_OPTIMIZATION_LEVEL = "-O";
				VALIDATE_PRODUCT = YES;
			};
			name = Release;
		};
		A1ABD31229B3089300442C9B /* Debug */ = {
			isa = XCBuildConfiguration;
			buildSettings = {
				ASSETCATALOG_COMPILER_APPICON_NAME = AppIcon;
				ASSETCATALOG_COMPILER_GLOBAL_ACCENT_COLOR_NAME = AccentColor;
				CODE_SIGN_STYLE = Automatic;
				CURRENT_PROJECT_VERSION = 1;
				GENERATE_INFOPLIST_FILE = YES;
				INFOPLIST_FILE = News/Info.plist;
				INFOPLIST_KEY_UIApplicationSupportsIndirectInputEvents = YES;
				INFOPLIST_KEY_UILaunchStoryboardName = LaunchScreen;
				INFOPLIST_KEY_UIMainStoryboardFile = Main;
				INFOPLIST_KEY_UISupportedInterfaceOrientations_iPad = "UIInterfaceOrientationPortrait UIInterfaceOrientationPortraitUpsideDown UIInterfaceOrientationLandscapeLeft UIInterfaceOrientationLandscapeRight";
				INFOPLIST_KEY_UISupportedInterfaceOrientations_iPhone = "UIInterfaceOrientationPortrait UIInterfaceOrientationLandscapeLeft UIInterfaceOrientationLandscapeRight";
				LD_RUNPATH_SEARCH_PATHS = (
					"$(inherited)",
					"@executable_path/Frameworks",
				);
				MARKETING_VERSION = 1.0;
				PRODUCT_BUNDLE_IDENTIFIER = com.durlov.News;
				PRODUCT_NAME = "$(TARGET_NAME)";
				SWIFT_EMIT_LOC_STRINGS = YES;
				SWIFT_VERSION = 5.0;
				TARGETED_DEVICE_FAMILY = "1,2";
			};
			name = Debug;
		};
		A1ABD31329B3089300442C9B /* Release */ = {
			isa = XCBuildConfiguration;
			buildSettings = {
				ASSETCATALOG_COMPILER_APPICON_NAME = AppIcon;
				ASSETCATALOG_COMPILER_GLOBAL_ACCENT_COLOR_NAME = AccentColor;
				CODE_SIGN_STYLE = Automatic;
				CURRENT_PROJECT_VERSION = 1;
				GENERATE_INFOPLIST_FILE = YES;
				INFOPLIST_FILE = News/Info.plist;
				INFOPLIST_KEY_UIApplicationSupportsIndirectInputEvents = YES;
				INFOPLIST_KEY_UILaunchStoryboardName = LaunchScreen;
				INFOPLIST_KEY_UIMainStoryboardFile = Main;
				INFOPLIST_KEY_UISupportedInterfaceOrientations_iPad = "UIInterfaceOrientationPortrait UIInterfaceOrientationPortraitUpsideDown UIInterfaceOrientationLandscapeLeft UIInterfaceOrientationLandscapeRight";
				INFOPLIST_KEY_UISupportedInterfaceOrientations_iPhone = "UIInterfaceOrientationPortrait UIInterfaceOrientationLandscapeLeft UIInterfaceOrientationLandscapeRight";
				LD_RUNPATH_SEARCH_PATHS = (
					"$(inherited)",
					"@executable_path/Frameworks",
				);
				MARKETING_VERSION = 1.0;
				PRODUCT_BUNDLE_IDENTIFIER = com.durlov.News;
				PRODUCT_NAME = "$(TARGET_NAME)";
				SWIFT_EMIT_LOC_STRINGS = YES;
				SWIFT_VERSION = 5.0;
				TARGETED_DEVICE_FAMILY = "1,2";
			};
			name = Release;
		};
		A1ABD31529B3089300442C9B /* Debug */ = {
			isa = XCBuildConfiguration;
			buildSettings = {
				ALWAYS_EMBED_SWIFT_STANDARD_LIBRARIES = YES;
				BUNDLE_LOADER = "$(TEST_HOST)";
				CODE_SIGN_STYLE = Automatic;
				CURRENT_PROJECT_VERSION = 1;
				GENERATE_INFOPLIST_FILE = YES;
				IPHONEOS_DEPLOYMENT_TARGET = 15.5;
				MARKETING_VERSION = 1.0;
				PRODUCT_BUNDLE_IDENTIFIER = com.durlov.NewsTests;
				PRODUCT_NAME = "$(TARGET_NAME)";
				SWIFT_EMIT_LOC_STRINGS = NO;
				SWIFT_VERSION = 5.0;
				TARGETED_DEVICE_FAMILY = "1,2";
				TEST_HOST = "$(BUILT_PRODUCTS_DIR)/News.app/News";
			};
			name = Debug;
		};
		A1ABD31629B3089300442C9B /* Release */ = {
			isa = XCBuildConfiguration;
			buildSettings = {
				ALWAYS_EMBED_SWIFT_STANDARD_LIBRARIES = YES;
				BUNDLE_LOADER = "$(TEST_HOST)";
				CODE_SIGN_STYLE = Automatic;
				CURRENT_PROJECT_VERSION = 1;
				GENERATE_INFOPLIST_FILE = YES;
				IPHONEOS_DEPLOYMENT_TARGET = 15.5;
				MARKETING_VERSION = 1.0;
				PRODUCT_BUNDLE_IDENTIFIER = com.durlov.NewsTests;
				PRODUCT_NAME = "$(TARGET_NAME)";
				SWIFT_EMIT_LOC_STRINGS = NO;
				SWIFT_VERSION = 5.0;
				TARGETED_DEVICE_FAMILY = "1,2";
				TEST_HOST = "$(BUILT_PRODUCTS_DIR)/News.app/News";
			};
			name = Release;
		};
		A1ABD31829B3089300442C9B /* Debug */ = {
			isa = XCBuildConfiguration;
			buildSettings = {
				ALWAYS_EMBED_SWIFT_STANDARD_LIBRARIES = YES;
				CODE_SIGN_STYLE = Automatic;
				CURRENT_PROJECT_VERSION = 1;
				GENERATE_INFOPLIST_FILE = YES;
				MARKETING_VERSION = 1.0;
				PRODUCT_BUNDLE_IDENTIFIER = com.durlov.NewsUITests;
				PRODUCT_NAME = "$(TARGET_NAME)";
				SWIFT_EMIT_LOC_STRINGS = NO;
				SWIFT_VERSION = 5.0;
				TARGETED_DEVICE_FAMILY = "1,2";
				TEST_TARGET_NAME = News;
			};
			name = Debug;
		};
		A1ABD31929B3089300442C9B /* Release */ = {
			isa = XCBuildConfiguration;
			buildSettings = {
				ALWAYS_EMBED_SWIFT_STANDARD_LIBRARIES = YES;
				CODE_SIGN_STYLE = Automatic;
				CURRENT_PROJECT_VERSION = 1;
				GENERATE_INFOPLIST_FILE = YES;
				MARKETING_VERSION = 1.0;
				PRODUCT_BUNDLE_IDENTIFIER = com.durlov.NewsUITests;
				PRODUCT_NAME = "$(TARGET_NAME)";
				SWIFT_EMIT_LOC_STRINGS = NO;
				SWIFT_VERSION = 5.0;
				TARGETED_DEVICE_FAMILY = "1,2";
				TEST_TARGET_NAME = News;
			};
			name = Release;
		};
/* End XCBuildConfiguration section */

/* Begin XCConfigurationList section */
		A1ABD2E229B3088F00442C9B /* Build configuration list for PBXProject "News" */ = {
			isa = XCConfigurationList;
			buildConfigurations = (
				A1ABD30F29B3089300442C9B /* Debug */,
				A1ABD31029B3089300442C9B /* Release */,
			);
			defaultConfigurationIsVisible = 0;
			defaultConfigurationName = Release;
		};
		A1ABD31129B3089300442C9B /* Build configuration list for PBXNativeTarget "News" */ = {
			isa = XCConfigurationList;
			buildConfigurations = (
				A1ABD31229B3089300442C9B /* Debug */,
				A1ABD31329B3089300442C9B /* Release */,
			);
			defaultConfigurationIsVisible = 0;
			defaultConfigurationName = Release;
		};
		A1ABD31429B3089300442C9B /* Build configuration list for PBXNativeTarget "NewsTests" */ = {
			isa = XCConfigurationList;
			buildConfigurations = (
				A1ABD31529B3089300442C9B /* Debug */,
				A1ABD31629B3089300442C9B /* Release */,
			);
			defaultConfigurationIsVisible = 0;
			defaultConfigurationName = Release;
		};
		A1ABD31729B3089300442C9B /* Build configuration list for PBXNativeTarget "NewsUITests" */ = {
			isa = XCConfigurationList;
			buildConfigurations = (
				A1ABD31829B3089300442C9B /* Debug */,
				A1ABD31929B3089300442C9B /* Release */,
			);
			defaultConfigurationIsVisible = 0;
			defaultConfigurationName = Release;
		};
/* End XCConfigurationList section */
	};
	rootObject = A1ABD2DF29B3088F00442C9B /* Project object */;
}
