// !$*UTF8*$!
{
	archiveVersion = 1;
	classes = {
	};
	objectVersion = 55;
	objects = {

/* Begin PBXBuildFile section */
		A10BA16A29BDE2F700682CC6 /* NewsDetailView.swift in Sources */ = {isa = PBXBuildFile; fileRef = A10BA16929BDE2F700682CC6 /* NewsDetailView.swift */; };
		A1ABD2EB29B3088F00442C9B /* AppDelegate.swift in Sources */ = {isa = PBXBuildFile; fileRef = A1ABD2EA29B3088F00442C9B /* AppDelegate.swift */; };
		A1ABD2ED29B3088F00442C9B /* SceneDelegate.swift in Sources */ = {isa = PBXBuildFile; fileRef = A1ABD2EC29B3088F00442C9B /* SceneDelegate.swift */; };
		A1ABD2F429B3089200442C9B /* Assets.xcassets in Resources */ = {isa = PBXBuildFile; fileRef = A1ABD2F329B3089200442C9B /* Assets.xcassets */; };
		A1ABD2F729B3089200442C9B /* LaunchScreen.storyboard in Resources */ = {isa = PBXBuildFile; fileRef = A1ABD2F529B3089200442C9B /* LaunchScreen.storyboard */; };
		A1ABD30229B3089200442C9B /* NewsTests.swift in Sources */ = {isa = PBXBuildFile; fileRef = A1ABD30129B3089200442C9B /* NewsTests.swift */; };
		A1ABD30C29B3089200442C9B /* NewsUITests.swift in Sources */ = {isa = PBXBuildFile; fileRef = A1ABD30B29B3089200442C9B /* NewsUITests.swift */; };
		A1ABD31B29B31ACE00442C9B /* LRUCache.swift in Sources */ = {isa = PBXBuildFile; fileRef = A1ABD31A29B31ACE00442C9B /* LRUCache.swift */; };
		A1ABD31E29B31E2100442C9B /* NewsFeedUITests.swift in Sources */ = {isa = PBXBuildFile; fileRef = A1ABD31D29B31E2100442C9B /* NewsFeedUITests.swift */; };
		A1ABD32129B44C8B00442C9B /* MockNewsFeed.swift in Sources */ = {isa = PBXBuildFile; fileRef = A1ABD32029B44C8B00442C9B /* MockNewsFeed.swift */; };
		A1ABD32329B44F5100442C9B /* NewsFeedTests.swift in Sources */ = {isa = PBXBuildFile; fileRef = A1ABD32229B44F5100442C9B /* NewsFeedTests.swift */; };
		A1ABD32629B44FED00442C9B /* ServiceManagerProtocol.swift in Sources */ = {isa = PBXBuildFile; fileRef = A1ABD32529B44FED00442C9B /* ServiceManagerProtocol.swift */; };
		A1ABD32829B7386C00442C9B /* Constants.swift in Sources */ = {isa = PBXBuildFile; fileRef = A1ABD32729B7386C00442C9B /* Constants.swift */; };
		A1ABD32929B738BB00442C9B /* Constants.swift in Sources */ = {isa = PBXBuildFile; fileRef = A1ABD32729B7386C00442C9B /* Constants.swift */; };
		A1ABD32A29B738BB00442C9B /* Constants.swift in Sources */ = {isa = PBXBuildFile; fileRef = A1ABD32729B7386C00442C9B /* Constants.swift */; };
		A1ABD32C29B7392C00442C9B /* NewsAppError.swift in Sources */ = {isa = PBXBuildFile; fileRef = A1ABD32B29B7392C00442C9B /* NewsAppError.swift */; };
		A1ABD33029B73B0C00442C9B /* LaunchArguments.swift in Sources */ = {isa = PBXBuildFile; fileRef = A1ABD32F29B73B0C00442C9B /* LaunchArguments.swift */; };
		A1ABD33129B73B5B00442C9B /* LaunchArguments.swift in Sources */ = {isa = PBXBuildFile; fileRef = A1ABD32F29B73B0C00442C9B /* LaunchArguments.swift */; };
		A1ABD33329B88E7200442C9B /* MockNewsFeedService.swift in Sources */ = {isa = PBXBuildFile; fileRef = A1ABD33229B88E7200442C9B /* MockNewsFeedService.swift */; };
		A1ABD33529B88E9D00442C9B /* NewsFeedServiceProtocol.swift in Sources */ = {isa = PBXBuildFile; fileRef = A1ABD33429B88E9D00442C9B /* NewsFeedServiceProtocol.swift */; };
		A1ABD33829B88F0A00442C9B /* NewsFeedResponse.swift in Sources */ = {isa = PBXBuildFile; fileRef = A1ABD33729B88F0A00442C9B /* NewsFeedResponse.swift */; };
		A1ABD33B29B8925A00442C9B /* RestAPIManager.swift in Sources */ = {isa = PBXBuildFile; fileRef = A1ABD33A29B8925A00442C9B /* RestAPIManager.swift */; };
		A1ABD33D29B895A800442C9B /* MockServiceManager.swift in Sources */ = {isa = PBXBuildFile; fileRef = A1ABD33C29B895A800442C9B /* MockServiceManager.swift */; };
		A1ABD33F29B8990700442C9B /* NewsFeedViewModel.swift in Sources */ = {isa = PBXBuildFile; fileRef = A1ABD33E29B8990700442C9B /* NewsFeedViewModel.swift */; };
		A1ABD34229B89A9600442C9B /* NewsAsset.swift in Sources */ = {isa = PBXBuildFile; fileRef = A1ABD34129B89A9600442C9B /* NewsAsset.swift */; };
		A1ABD34429B89BAB00442C9B /* ImageAsset.swift in Sources */ = {isa = PBXBuildFile; fileRef = A1ABD34329B89BAB00442C9B /* ImageAsset.swift */; };
		A1ABD34629B89FF000442C9B /* NewsFeedService.swift in Sources */ = {isa = PBXBuildFile; fileRef = A1ABD34529B89FF000442C9B /* NewsFeedService.swift */; };
		A1ABD34829B9D68700442C9B /* NewsAppError.swift in Sources */ = {isa = PBXBuildFile; fileRef = A1ABD32B29B7392C00442C9B /* NewsAppError.swift */; };
		A1ABD34A29B9DC0C00442C9B /* Router.swift in Sources */ = {isa = PBXBuildFile; fileRef = A1ABD34929B9DC0C00442C9B /* Router.swift */; };
		A1ABD35429BD30DD00442C9B /* NewsItemCell.swift in Sources */ = {isa = PBXBuildFile; fileRef = A1ABD35329BD30DD00442C9B /* NewsItemCell.swift */; };
		A1ABD35829BD452200442C9B /* NewsFeedView.swift in Sources */ = {isa = PBXBuildFile; fileRef = A1ABD35729BD452200442C9B /* NewsFeedView.swift */; };
		A1ABD35A29BD5C0F00442C9B /* NewsFeedSection.swift in Sources */ = {isa = PBXBuildFile; fileRef = A1ABD35929BD5C0F00442C9B /* NewsFeedSection.swift */; };
		A1ABD35C29BD5CA000442C9B /* NewsItemViewModel.swift in Sources */ = {isa = PBXBuildFile; fileRef = A1ABD35B29BD5CA000442C9B /* NewsItemViewModel.swift */; };
		A1ABD35E29BD705400442C9B /* Extensions.swift in Sources */ = {isa = PBXBuildFile; fileRef = A1ABD35D29BD705400442C9B /* Extensions.swift */; };
		A1ABD36029BD877900442C9B /* Author.swift in Sources */ = {isa = PBXBuildFile; fileRef = A1ABD35F29BD877900442C9B /* Author.swift */; };
		A1ABD36229BD99D800442C9B /* NewItemTests.swift in Sources */ = {isa = PBXBuildFile; fileRef = A1ABD36129BD99D800442C9B /* NewItemTests.swift */; };
		A1ABD36429BD9A9A00442C9B /* ImageServiceProtocol.swift in Sources */ = {isa = PBXBuildFile; fileRef = A1ABD36329BD9A9A00442C9B /* ImageServiceProtocol.swift */; };
		A1ABD36629BD9B4500442C9B /* MockImageService.swift in Sources */ = {isa = PBXBuildFile; fileRef = A1ABD36529BD9B4500442C9B /* MockImageService.swift */; };
		A1ABD36829BD9CFB00442C9B /* ImageService.swift in Sources */ = {isa = PBXBuildFile; fileRef = A1ABD36729BD9CFB00442C9B /* ImageService.swift */; };
		A1ABD36A29BDA6E700442C9B /* CacheProvider.swift in Sources */ = {isa = PBXBuildFile; fileRef = A1ABD36929BDA6E700442C9B /* CacheProvider.swift */; };
		A1ABD36C29BDB3FB00442C9B /* ServiceManager.swift in Sources */ = {isa = PBXBuildFile; fileRef = A1ABD36B29BDB3FB00442C9B /* ServiceManager.swift */; };
		A1ABD36D29BDB7C300442C9B /* MockNewsFeed.swift in Sources */ = {isa = PBXBuildFile; fileRef = A1ABD32029B44C8B00442C9B /* MockNewsFeed.swift */; };
		A1ABD37329BDBC9C00442C9B /* NewsDetailViewModel.swift in Sources */ = {isa = PBXBuildFile; fileRef = A1ABD37229BDBC9C00442C9B /* NewsDetailViewModel.swift */; };
/* End PBXBuildFile section */

/* Begin PBXContainerItemProxy section */
		A1ABD2FE29B3089200442C9B /* PBXContainerItemProxy */ = {
			isa = PBXContainerItemProxy;
			containerPortal = A1ABD2DF29B3088F00442C9B /* Project object */;
			proxyType = 1;
			remoteGlobalIDString = A1ABD2E629B3088F00442C9B;
			remoteInfo = News;
		};
		A1ABD30829B3089200442C9B /* PBXContainerItemProxy */ = {
			isa = PBXContainerItemProxy;
			containerPortal = A1ABD2DF29B3088F00442C9B /* Project object */;
			proxyType = 1;
			remoteGlobalIDString = A1ABD2E629B3088F00442C9B;
			remoteInfo = News;
		};
/* End PBXContainerItemProxy section */

/* Begin PBXFileReference section */
		A10BA16929BDE2F700682CC6 /* NewsDetailView.swift */ = {isa = PBXFileReference; lastKnownFileType = sourcecode.swift; path = NewsDetailView.swift; sourceTree = "<group>"; };
		A1ABD2E729B3088F00442C9B /* News.app */ = {isa = PBXFileReference; explicitFileType = wrapper.application; includeInIndex = 0; path = News.app; sourceTree = BUILT_PRODUCTS_DIR; };
		A1ABD2EA29B3088F00442C9B /* AppDelegate.swift */ = {isa = PBXFileReference; lastKnownFileType = sourcecode.swift; path = AppDelegate.swift; sourceTree = "<group>"; };
		A1ABD2EC29B3088F00442C9B /* SceneDelegate.swift */ = {isa = PBXFileReference; lastKnownFileType = sourcecode.swift; path = SceneDelegate.swift; sourceTree = "<group>"; };
		A1ABD2F329B3089200442C9B /* Assets.xcassets */ = {isa = PBXFileReference; lastKnownFileType = folder.assetcatalog; path = Assets.xcassets; sourceTree = "<group>"; };
		A1ABD2F629B3089200442C9B /* Base */ = {isa = PBXFileReference; lastKnownFileType = file.storyboard; name = Base; path = Base.lproj/LaunchScreen.storyboard; sourceTree = "<group>"; };
		A1ABD2F829B3089200442C9B /* Info.plist */ = {isa = PBXFileReference; lastKnownFileType = text.plist.xml; path = Info.plist; sourceTree = "<group>"; };
		A1ABD2FD29B3089200442C9B /* NewsTests.xctest */ = {isa = PBXFileReference; explicitFileType = wrapper.cfbundle; includeInIndex = 0; path = NewsTests.xctest; sourceTree = BUILT_PRODUCTS_DIR; };
		A1ABD30129B3089200442C9B /* NewsTests.swift */ = {isa = PBXFileReference; lastKnownFileType = sourcecode.swift; path = NewsTests.swift; sourceTree = "<group>"; };
		A1ABD30729B3089200442C9B /* NewsUITests.xctest */ = {isa = PBXFileReference; explicitFileType = wrapper.cfbundle; includeInIndex = 0; path = NewsUITests.xctest; sourceTree = BUILT_PRODUCTS_DIR; };
		A1ABD30B29B3089200442C9B /* NewsUITests.swift */ = {isa = PBXFileReference; lastKnownFileType = sourcecode.swift; path = NewsUITests.swift; sourceTree = "<group>"; };
		A1ABD31A29B31ACE00442C9B /* LRUCache.swift */ = {isa = PBXFileReference; lastKnownFileType = sourcecode.swift; path = LRUCache.swift; sourceTree = "<group>"; };
		A1ABD31D29B31E2100442C9B /* NewsFeedUITests.swift */ = {isa = PBXFileReference; lastKnownFileType = sourcecode.swift; path = NewsFeedUITests.swift; sourceTree = "<group>"; };
		A1ABD32029B44C8B00442C9B /* MockNewsFeed.swift */ = {isa = PBXFileReference; lastKnownFileType = sourcecode.swift; path = MockNewsFeed.swift; sourceTree = "<group>"; };
		A1ABD32229B44F5100442C9B /* NewsFeedTests.swift */ = {isa = PBXFileReference; lastKnownFileType = sourcecode.swift; path = NewsFeedTests.swift; sourceTree = "<group>"; };
		A1ABD32529B44FED00442C9B /* ServiceManagerProtocol.swift */ = {isa = PBXFileReference; lastKnownFileType = sourcecode.swift; path = ServiceManagerProtocol.swift; sourceTree = "<group>"; };
		A1ABD32729B7386C00442C9B /* Constants.swift */ = {isa = PBXFileReference; lastKnownFileType = sourcecode.swift; path = Constants.swift; sourceTree = "<group>"; };
		A1ABD32B29B7392C00442C9B /* NewsAppError.swift */ = {isa = PBXFileReference; lastKnownFileType = sourcecode.swift; path = NewsAppError.swift; sourceTree = "<group>"; };
		A1ABD32F29B73B0C00442C9B /* LaunchArguments.swift */ = {isa = PBXFileReference; lastKnownFileType = sourcecode.swift; path = LaunchArguments.swift; sourceTree = "<group>"; };
		A1ABD33229B88E7200442C9B /* MockNewsFeedService.swift */ = {isa = PBXFileReference; lastKnownFileType = sourcecode.swift; path = MockNewsFeedService.swift; sourceTree = "<group>"; };
		A1ABD33429B88E9D00442C9B /* NewsFeedServiceProtocol.swift */ = {isa = PBXFileReference; lastKnownFileType = sourcecode.swift; path = NewsFeedServiceProtocol.swift; sourceTree = "<group>"; };
		A1ABD33729B88F0A00442C9B /* NewsFeedResponse.swift */ = {isa = PBXFileReference; lastKnownFileType = sourcecode.swift; path = NewsFeedResponse.swift; sourceTree = "<group>"; };
		A1ABD33A29B8925A00442C9B /* RestAPIManager.swift */ = {isa = PBXFileReference; lastKnownFileType = sourcecode.swift; path = RestAPIManager.swift; sourceTree = "<group>"; };
		A1ABD33C29B895A800442C9B /* MockServiceManager.swift */ = {isa = PBXFileReference; lastKnownFileType = sourcecode.swift; path = MockServiceManager.swift; sourceTree = "<group>"; };
		A1ABD33E29B8990700442C9B /* NewsFeedViewModel.swift */ = {isa = PBXFileReference; lastKnownFileType = sourcecode.swift; path = NewsFeedViewModel.swift; sourceTree = "<group>"; };
		A1ABD34129B89A9600442C9B /* NewsAsset.swift */ = {isa = PBXFileReference; lastKnownFileType = sourcecode.swift; path = NewsAsset.swift; sourceTree = "<group>"; };
		A1ABD34329B89BAB00442C9B /* ImageAsset.swift */ = {isa = PBXFileReference; lastKnownFileType = sourcecode.swift; path = ImageAsset.swift; sourceTree = "<group>"; };
		A1ABD34529B89FF000442C9B /* NewsFeedService.swift */ = {isa = PBXFileReference; lastKnownFileType = sourcecode.swift; path = NewsFeedService.swift; sourceTree = "<group>"; };
		A1ABD34929B9DC0C00442C9B /* Router.swift */ = {isa = PBXFileReference; lastKnownFileType = sourcecode.swift; path = Router.swift; sourceTree = "<group>"; };
		A1ABD35329BD30DD00442C9B /* NewsItemCell.swift */ = {isa = PBXFileReference; lastKnownFileType = sourcecode.swift; path = NewsItemCell.swift; sourceTree = "<group>"; };
		A1ABD35729BD452200442C9B /* NewsFeedView.swift */ = {isa = PBXFileReference; lastKnownFileType = sourcecode.swift; path = NewsFeedView.swift; sourceTree = "<group>"; };
		A1ABD35929BD5C0F00442C9B /* NewsFeedSection.swift */ = {isa = PBXFileReference; lastKnownFileType = sourcecode.swift; path = NewsFeedSection.swift; sourceTree = "<group>"; };
		A1ABD35B29BD5CA000442C9B /* NewsItemViewModel.swift */ = {isa = PBXFileReference; lastKnownFileType = sourcecode.swift; path = NewsItemViewModel.swift; sourceTree = "<group>"; };
		A1ABD35D29BD705400442C9B /* Extensions.swift */ = {isa = PBXFileReference; lastKnownFileType = sourcecode.swift; path = Extensions.swift; sourceTree = "<group>"; };
		A1ABD35F29BD877900442C9B /* Author.swift */ = {isa = PBXFileReference; lastKnownFileType = sourcecode.swift; path = Author.swift; sourceTree = "<group>"; };
		A1ABD36129BD99D800442C9B /* NewItemTests.swift */ = {isa = PBXFileReference; lastKnownFileType = sourcecode.swift; path = NewItemTests.swift; sourceTree = "<group>"; };
		A1ABD36329BD9A9A00442C9B /* ImageServiceProtocol.swift */ = {isa = PBXFileReference; lastKnownFileType = sourcecode.swift; path = ImageServiceProtocol.swift; sourceTree = "<group>"; };
		A1ABD36529BD9B4500442C9B /* MockImageService.swift */ = {isa = PBXFileReference; lastKnownFileType = sourcecode.swift; path = MockImageService.swift; sourceTree = "<group>"; };
		A1ABD36729BD9CFB00442C9B /* ImageService.swift */ = {isa = PBXFileReference; lastKnownFileType = sourcecode.swift; path = ImageService.swift; sourceTree = "<group>"; };
		A1ABD36929BDA6E700442C9B /* CacheProvider.swift */ = {isa = PBXFileReference; lastKnownFileType = sourcecode.swift; path = CacheProvider.swift; sourceTree = "<group>"; };
		A1ABD36B29BDB3FB00442C9B /* ServiceManager.swift */ = {isa = PBXFileReference; lastKnownFileType = sourcecode.swift; path = ServiceManager.swift; sourceTree = "<group>"; };
		A1ABD37229BDBC9C00442C9B /* NewsDetailViewModel.swift */ = {isa = PBXFileReference; lastKnownFileType = sourcecode.swift; path = NewsDetailViewModel.swift; sourceTree = "<group>"; };
/* End PBXFileReference section */

/* Begin PBXFrameworksBuildPhase section */
		A1ABD2E429B3088F00442C9B /* Frameworks */ = {
			isa = PBXFrameworksBuildPhase;
			buildActionMask = 2147483647;
			files = (
			);
			runOnlyForDeploymentPostprocessing = 0;
		};
		A1ABD2FA29B3089200442C9B /* Frameworks */ = {
			isa = PBXFrameworksBuildPhase;
			buildActionMask = 2147483647;
			files = (
			);
			runOnlyForDeploymentPostprocessing = 0;
		};
		A1ABD30429B3089200442C9B /* Frameworks */ = {
			isa = PBXFrameworksBuildPhase;
			buildActionMask = 2147483647;
			files = (
			);
			runOnlyForDeploymentPostprocessing = 0;
		};
/* End PBXFrameworksBuildPhase section */

/* Begin PBXGroup section */
		A1ABD2DE29B3088F00442C9B = {
			isa = PBXGroup;
			children = (
				A1ABD2E929B3088F00442C9B /* News */,
				A1ABD30029B3089200442C9B /* NewsTests */,
				A1ABD30A29B3089200442C9B /* NewsUITests */,
				A1ABD2E829B3088F00442C9B /* Products */,
			);
			sourceTree = "<group>";
		};
		A1ABD2E829B3088F00442C9B /* Products */ = {
			isa = PBXGroup;
			children = (
				A1ABD2E729B3088F00442C9B /* News.app */,
				A1ABD2FD29B3089200442C9B /* NewsTests.xctest */,
				A1ABD30729B3089200442C9B /* NewsUITests.xctest */,
			);
			name = Products;
			sourceTree = "<group>";
		};
		A1ABD2E929B3088F00442C9B /* News */ = {
			isa = PBXGroup;
			children = (
				A1ABD32429B44FD500442C9B /* Protocols */,
				A1ABD31C29B31BF400442C9B /* Helpers */,
				A1ABD33629B88EF000442C9B /* NewsFeed */,
				A1ABD2EA29B3088F00442C9B /* AppDelegate.swift */,
				A1ABD2EC29B3088F00442C9B /* SceneDelegate.swift */,
				A1ABD2F329B3089200442C9B /* Assets.xcassets */,
				A1ABD2F529B3089200442C9B /* LaunchScreen.storyboard */,
				A1ABD2F829B3089200442C9B /* Info.plist */,
				A1ABD34929B9DC0C00442C9B /* Router.swift */,
				A1ABD37029BDBACD00442C9B /* NewsDetail */,
			);
			path = News;
			sourceTree = "<group>";
		};
		A1ABD30029B3089200442C9B /* NewsTests */ = {
			isa = PBXGroup;
			children = (
				A1ABD31F29B44C7100442C9B /* Mocks */,
				A1ABD30129B3089200442C9B /* NewsTests.swift */,
				A1ABD32229B44F5100442C9B /* NewsFeedTests.swift */,
				A1ABD36129BD99D800442C9B /* NewItemTests.swift */,
			);
			path = NewsTests;
			sourceTree = "<group>";
		};
		A1ABD30A29B3089200442C9B /* NewsUITests */ = {
			isa = PBXGroup;
			children = (
				A1ABD30B29B3089200442C9B /* NewsUITests.swift */,
				A1ABD31D29B31E2100442C9B /* NewsFeedUITests.swift */,
			);
			path = NewsUITests;
			sourceTree = "<group>";
		};
		A1ABD31C29B31BF400442C9B /* Helpers */ = {
			isa = PBXGroup;
			children = (
				A1ABD31A29B31ACE00442C9B /* LRUCache.swift */,
				A1ABD36929BDA6E700442C9B /* CacheProvider.swift */,
				A1ABD32729B7386C00442C9B /* Constants.swift */,
				A1ABD32B29B7392C00442C9B /* NewsAppError.swift */,
				A1ABD32F29B73B0C00442C9B /* LaunchArguments.swift */,
				A1ABD33A29B8925A00442C9B /* RestAPIManager.swift */,
				A1ABD35D29BD705400442C9B /* Extensions.swift */,
			);
			path = Helpers;
			sourceTree = "<group>";
		};
		A1ABD31F29B44C7100442C9B /* Mocks */ = {
			isa = PBXGroup;
			children = (
				A1ABD32029B44C8B00442C9B /* MockNewsFeed.swift */,
				A1ABD33229B88E7200442C9B /* MockNewsFeedService.swift */,
				A1ABD33C29B895A800442C9B /* MockServiceManager.swift */,
				A1ABD36529BD9B4500442C9B /* MockImageService.swift */,
			);
			path = Mocks;
			sourceTree = "<group>";
		};
		A1ABD32429B44FD500442C9B /* Protocols */ = {
			isa = PBXGroup;
			children = (
				A1ABD32529B44FED00442C9B /* ServiceManagerProtocol.swift */,
				A1ABD33429B88E9D00442C9B /* NewsFeedServiceProtocol.swift */,
				A1ABD36329BD9A9A00442C9B /* ImageServiceProtocol.swift */,
			);
			path = Protocols;
			sourceTree = "<group>";
		};
		A1ABD33629B88EF000442C9B /* NewsFeed */ = {
			isa = PBXGroup;
			children = (
				A1ABD34C29B9DE3100442C9B /* View */,
				A1ABD33929B88F0F00442C9B /* Model */,
				A1ABD34029B8990B00442C9B /* ViewModel */,
				A1ABD34729B8A01400442C9B /* Service */,
			);
			path = NewsFeed;
			sourceTree = "<group>";
		};
		A1ABD33929B88F0F00442C9B /* Model */ = {
			isa = PBXGroup;
			children = (
				A1ABD33729B88F0A00442C9B /* NewsFeedResponse.swift */,
				A1ABD34129B89A9600442C9B /* NewsAsset.swift */,
				A1ABD35F29BD877900442C9B /* Author.swift */,
				A1ABD34329B89BAB00442C9B /* ImageAsset.swift */,
				A1ABD35929BD5C0F00442C9B /* NewsFeedSection.swift */,
			);
			path = Model;
			sourceTree = "<group>";
		};
		A1ABD34029B8990B00442C9B /* ViewModel */ = {
			isa = PBXGroup;
			children = (
				A1ABD33E29B8990700442C9B /* NewsFeedViewModel.swift */,
				A1ABD35B29BD5CA000442C9B /* NewsItemViewModel.swift */,
			);
			path = ViewModel;
			sourceTree = "<group>";
		};
		A1ABD34729B8A01400442C9B /* Service */ = {
			isa = PBXGroup;
			children = (
				A1ABD34529B89FF000442C9B /* NewsFeedService.swift */,
				A1ABD36729BD9CFB00442C9B /* ImageService.swift */,
				A1ABD36B29BDB3FB00442C9B /* ServiceManager.swift */,
			);
			path = Service;
			sourceTree = "<group>";
		};
		A1ABD34C29B9DE3100442C9B /* View */ = {
			isa = PBXGroup;
			children = (
				A1ABD35329BD30DD00442C9B /* NewsItemCell.swift */,
				A1ABD35729BD452200442C9B /* NewsFeedView.swift */,
			);
			path = View;
			sourceTree = "<group>";
		};
		A1ABD37029BDBACD00442C9B /* NewsDetail */ = {
			isa = PBXGroup;
			children = (
				A1ABD37129BDBAE300442C9B /* View */,
				A1ABD37429BDBCA100442C9B /* ViewModel */,
			);
			path = NewsDetail;
			sourceTree = "<group>";
		};
		A1ABD37129BDBAE300442C9B /* View */ = {
			isa = PBXGroup;
			children = (
				A10BA16929BDE2F700682CC6 /* NewsDetailView.swift */,
			);
			path = View;
			sourceTree = "<group>";
		};
		A1ABD37429BDBCA100442C9B /* ViewModel */ = {
			isa = PBXGroup;
			children = (
				A1ABD37229BDBC9C00442C9B /* NewsDetailViewModel.swift */,
			);
			path = ViewModel;
			sourceTree = "<group>";
		};
/* End PBXGroup section */

/* Begin PBXNativeTarget section */
		A1ABD2E629B3088F00442C9B /* News */ = {
			isa = PBXNativeTarget;
			buildConfigurationList = A1ABD31129B3089300442C9B /* Build configuration list for PBXNativeTarget "News" */;
			buildPhases = (
				A1ABD2E329B3088F00442C9B /* Sources */,
				A1ABD2E429B3088F00442C9B /* Frameworks */,
				A1ABD2E529B3088F00442C9B /* Resources */,
			);
			buildRules = (
			);
			dependencies = (
			);
			name = News;
			productName = News;
			productReference = A1ABD2E729B3088F00442C9B /* News.app */;
			productType = "com.apple.product-type.application";
		};
		A1ABD2FC29B3089200442C9B /* NewsTests */ = {
			isa = PBXNativeTarget;
			buildConfigurationList = A1ABD31429B3089300442C9B /* Build configuration list for PBXNativeTarget "NewsTests" */;
			buildPhases = (
				A1ABD2F929B3089200442C9B /* Sources */,
				A1ABD2FA29B3089200442C9B /* Frameworks */,
				A1ABD2FB29B3089200442C9B /* Resources */,
			);
			buildRules = (
			);
			dependencies = (
				A1ABD2FF29B3089200442C9B /* PBXTargetDependency */,
			);
			name = NewsTests;
			productName = NewsTests;
			productReference = A1ABD2FD29B3089200442C9B /* NewsTests.xctest */;
			productType = "com.apple.product-type.bundle.unit-test";
		};
		A1ABD30629B3089200442C9B /* NewsUITests */ = {
			isa = PBXNativeTarget;
			buildConfigurationList = A1ABD31729B3089300442C9B /* Build configuration list for PBXNativeTarget "NewsUITests" */;
			buildPhases = (
				A1ABD30329B3089200442C9B /* Sources */,
				A1ABD30429B3089200442C9B /* Frameworks */,
				A1ABD30529B3089200442C9B /* Resources */,
			);
			buildRules = (
			);
			dependencies = (
				A1ABD30929B3089200442C9B /* PBXTargetDependency */,
			);
			name = NewsUITests;
			productName = NewsUITests;
			productReference = A1ABD30729B3089200442C9B /* NewsUITests.xctest */;
			productType = "com.apple.product-type.bundle.ui-testing";
		};
/* End PBXNativeTarget section */

/* Begin PBXProject section */
		A1ABD2DF29B3088F00442C9B /* Project object */ = {
			isa = PBXProject;
			attributes = {
				BuildIndependentTargetsInParallel = 1;
				LastSwiftUpdateCheck = 1340;
				LastUpgradeCheck = 1340;
				TargetAttributes = {
					A1ABD2E629B3088F00442C9B = {
						CreatedOnToolsVersion = 13.4.1;
					};
					A1ABD2FC29B3089200442C9B = {
						CreatedOnToolsVersion = 13.4.1;
						TestTargetID = A1ABD2E629B3088F00442C9B;
					};
					A1ABD30629B3089200442C9B = {
						CreatedOnToolsVersion = 13.4.1;
						TestTargetID = A1ABD2E629B3088F00442C9B;
					};
				};
			};
			buildConfigurationList = A1ABD2E229B3088F00442C9B /* Build configuration list for PBXProject "News" */;
			compatibilityVersion = "Xcode 13.0";
			developmentRegion = en;
			hasScannedForEncodings = 0;
			knownRegions = (
				en,
				Base,
			);
			mainGroup = A1ABD2DE29B3088F00442C9B;
			productRefGroup = A1ABD2E829B3088F00442C9B /* Products */;
			projectDirPath = "";
			projectRoot = "";
			targets = (
				A1ABD2E629B3088F00442C9B /* News */,
				A1ABD2FC29B3089200442C9B /* NewsTests */,
				A1ABD30629B3089200442C9B /* NewsUITests */,
			);
		};
/* End PBXProject section */

/* Begin PBXResourcesBuildPhase section */
		A1ABD2E529B3088F00442C9B /* Resources */ = {
			isa = PBXResourcesBuildPhase;
			buildActionMask = 2147483647;
			files = (
				A1ABD2F729B3089200442C9B /* LaunchScreen.storyboard in Resources */,
				A1ABD2F429B3089200442C9B /* Assets.xcassets in Resources */,
			);
			runOnlyForDeploymentPostprocessing = 0;
		};
		A1ABD2FB29B3089200442C9B /* Resources */ = {
			isa = PBXResourcesBuildPhase;
			buildActionMask = 2147483647;
			files = (
			);
			runOnlyForDeploymentPostprocessing = 0;
		};
		A1ABD30529B3089200442C9B /* Resources */ = {
			isa = PBXResourcesBuildPhase;
			buildActionMask = 2147483647;
			files = (
			);
			runOnlyForDeploymentPostprocessing = 0;
		};
/* End PBXResourcesBuildPhase section */

/* Begin PBXSourcesBuildPhase section */
		A1ABD2E329B3088F00442C9B /* Sources */ = {
			isa = PBXSourcesBuildPhase;
			buildActionMask = 2147483647;
			files = (
				A1ABD37329BDBC9C00442C9B /* NewsDetailViewModel.swift in Sources */,
				A1ABD33B29B8925A00442C9B /* RestAPIManager.swift in Sources */,
				A1ABD32829B7386C00442C9B /* Constants.swift in Sources */,
				A1ABD31B29B31ACE00442C9B /* LRUCache.swift in Sources */,
				A1ABD32629B44FED00442C9B /* ServiceManagerProtocol.swift in Sources */,
				A1ABD34429B89BAB00442C9B /* ImageAsset.swift in Sources */,
				A1ABD35A29BD5C0F00442C9B /* NewsFeedSection.swift in Sources */,
				A1ABD35C29BD5CA000442C9B /* NewsItemViewModel.swift in Sources */,
				A1ABD34A29B9DC0C00442C9B /* Router.swift in Sources */,
				A1ABD36D29BDB7C300442C9B /* MockNewsFeed.swift in Sources */,
				A1ABD36829BD9CFB00442C9B /* ImageService.swift in Sources */,
				A1ABD33F29B8990700442C9B /* NewsFeedViewModel.swift in Sources */,
				A1ABD34629B89FF000442C9B /* NewsFeedService.swift in Sources */,
				A1ABD36029BD877900442C9B /* Author.swift in Sources */,
				A1ABD36429BD9A9A00442C9B /* ImageServiceProtocol.swift in Sources */,
				A1ABD36A29BDA6E700442C9B /* CacheProvider.swift in Sources */,
				A1ABD36C29BDB3FB00442C9B /* ServiceManager.swift in Sources */,
				A1ABD35829BD452200442C9B /* NewsFeedView.swift in Sources */,
				A1ABD2EB29B3088F00442C9B /* AppDelegate.swift in Sources */,
				A1ABD33529B88E9D00442C9B /* NewsFeedServiceProtocol.swift in Sources */,
				A10BA16A29BDE2F700682CC6 /* NewsDetailView.swift in Sources */,
				A1ABD34229B89A9600442C9B /* NewsAsset.swift in Sources */,
				A1ABD2ED29B3088F00442C9B /* SceneDelegate.swift in Sources */,
				A1ABD35E29BD705400442C9B /* Extensions.swift in Sources */,
				A1ABD33829B88F0A00442C9B /* NewsFeedResponse.swift in Sources */,
				A1ABD32C29B7392C00442C9B /* NewsAppError.swift in Sources */,
				A1ABD35429BD30DD00442C9B /* NewsItemCell.swift in Sources */,
				A1ABD33029B73B0C00442C9B /* LaunchArguments.swift in Sources */,
			);
			runOnlyForDeploymentPostprocessing = 0;
		};
		A1ABD2F929B3089200442C9B /* Sources */ = {
			isa = PBXSourcesBuildPhase;
			buildActionMask = 2147483647;
			files = (
				A1ABD33D29B895A800442C9B /* MockServiceManager.swift in Sources */,
				A1ABD32129B44C8B00442C9B /* MockNewsFeed.swift in Sources */,
				A1ABD30229B3089200442C9B /* NewsTests.swift in Sources */,
				A1ABD32329B44F5100442C9B /* NewsFeedTests.swift in Sources */,
				A1ABD33329B88E7200442C9B /* MockNewsFeedService.swift in Sources */,
				A1ABD32A29B738BB00442C9B /* Constants.swift in Sources */,
				A1ABD36229BD99D800442C9B /* NewItemTests.swift in Sources */,
				A1ABD36629BD9B4500442C9B /* MockImageService.swift in Sources */,
			);
			runOnlyForDeploymentPostprocessing = 0;
		};
		A1ABD30329B3089200442C9B /* Sources */ = {
			isa = PBXSourcesBuildPhase;
			buildActionMask = 2147483647;
			files = (
				A1ABD30C29B3089200442C9B /* NewsUITests.swift in Sources */,
				A1ABD31E29B31E2100442C9B /* NewsFeedUITests.swift in Sources */,
				A1ABD32929B738BB00442C9B /* Constants.swift in Sources */,
				A1ABD33129B73B5B00442C9B /* LaunchArguments.swift in Sources */,
				A1ABD34829B9D68700442C9B /* NewsAppError.swift in Sources */,
			);
			runOnlyForDeploymentPostprocessing = 0;
		};
/* End PBXSourcesBuildPhase section */

/* Begin PBXTargetDependency section */
		A1ABD2FF29B3089200442C9B /* PBXTargetDependency */ = {
			isa = PBXTargetDependency;
			target = A1ABD2E629B3088F00442C9B /* News */;
			targetProxy = A1ABD2FE29B3089200442C9B /* PBXContainerItemProxy */;
		};
		A1ABD30929B3089200442C9B /* PBXTargetDependency */ = {
			isa = PBXTargetDependency;
			target = A1ABD2E629B3088F00442C9B /* News */;
			targetProxy = A1ABD30829B3089200442C9B /* PBXContainerItemProxy */;
		};
/* End PBXTargetDependency section */

/* Begin PBXVariantGroup section */
		A1ABD2F529B3089200442C9B /* LaunchScreen.storyboard */ = {
			isa = PBXVariantGroup;
			children = (
				A1ABD2F629B3089200442C9B /* Base */,
			);
			name = LaunchScreen.storyboard;
			sourceTree = "<group>";
		};
/* End PBXVariantGroup section */

/* Begin XCBuildConfiguration section */
		A1ABD30F29B3089300442C9B /* Debug */ = {
			isa = XCBuildConfiguration;
			buildSettings = {
				ALWAYS_SEARCH_USER_PATHS = NO;
				CLANG_ANALYZER_NONNULL = YES;
				CLANG_ANALYZER_NUMBER_OBJECT_CONVERSION = YES_AGGRESSIVE;
				CLANG_CXX_LANGUAGE_STANDARD = "gnu++17";
				CLANG_ENABLE_MODULES = YES;
				CLANG_ENABLE_OBJC_ARC = YES;
				CLANG_ENABLE_OBJC_WEAK = YES;
				CLANG_WARN_BLOCK_CAPTURE_AUTORELEASING = YES;
				CLANG_WARN_BOOL_CONVERSION = YES;
				CLANG_WARN_COMMA = YES;
				CLANG_WARN_CONSTANT_CONVERSION = YES;
				CLANG_WARN_DEPRECATED_OBJC_IMPLEMENTATIONS = YES;
				CLANG_WARN_DIRECT_OBJC_ISA_USAGE = YES_ERROR;
				CLANG_WARN_DOCUMENTATION_COMMENTS = YES;
				CLANG_WARN_EMPTY_BODY = YES;
				CLANG_WARN_ENUM_CONVERSION = YES;
				CLANG_WARN_INFINITE_RECURSION = YES;
				CLANG_WARN_INT_CONVERSION = YES;
				CLANG_WARN_NON_LITERAL_NULL_CONVERSION = YES;
				CLANG_WARN_OBJC_IMPLICIT_RETAIN_SELF = YES;
				CLANG_WARN_OBJC_LITERAL_CONVERSION = YES;
				CLANG_WARN_OBJC_ROOT_CLASS = YES_ERROR;
				CLANG_WARN_QUOTED_INCLUDE_IN_FRAMEWORK_HEADER = YES;
				CLANG_WARN_RANGE_LOOP_ANALYSIS = YES;
				CLANG_WARN_STRICT_PROTOTYPES = YES;
				CLANG_WARN_SUSPICIOUS_MOVE = YES;
				CLANG_WARN_UNGUARDED_AVAILABILITY = YES_AGGRESSIVE;
				CLANG_WARN_UNREACHABLE_CODE = YES;
				CLANG_WARN__DUPLICATE_METHOD_MATCH = YES;
				COPY_PHASE_STRIP = NO;
				DEBUG_INFORMATION_FORMAT = dwarf;
				ENABLE_STRICT_OBJC_MSGSEND = YES;
				ENABLE_TESTABILITY = YES;
				GCC_C_LANGUAGE_STANDARD = gnu11;
				GCC_DYNAMIC_NO_PIC = NO;
				GCC_NO_COMMON_BLOCKS = YES;
				GCC_OPTIMIZATION_LEVEL = 0;
				GCC_PREPROCESSOR_DEFINITIONS = (
					"DEBUG=1",
					"$(inherited)",
				);
				GCC_WARN_64_TO_32_BIT_CONVERSION = YES;
				GCC_WARN_ABOUT_RETURN_TYPE = YES_ERROR;
				GCC_WARN_UNDECLARED_SELECTOR = YES;
				GCC_WARN_UNINITIALIZED_AUTOS = YES_AGGRESSIVE;
				GCC_WARN_UNUSED_FUNCTION = YES;
				GCC_WARN_UNUSED_VARIABLE = YES;
				IPHONEOS_DEPLOYMENT_TARGET = 15.5;
				MTL_ENABLE_DEBUG_INFO = INCLUDE_SOURCE;
				MTL_FAST_MATH = YES;
				ONLY_ACTIVE_ARCH = YES;
				SDKROOT = iphoneos;
				SWIFT_ACTIVE_COMPILATION_CONDITIONS = DEBUG;
				SWIFT_OPTIMIZATION_LEVEL = "-Onone";
			};
			name = Debug;
		};
		A1ABD31029B3089300442C9B /* Release */ = {
			isa = XCBuildConfiguration;
			buildSettings = {
				ALWAYS_SEARCH_USER_PATHS = NO;
				CLANG_ANALYZER_NONNULL = YES;
				CLANG_ANALYZER_NUMBER_OBJECT_CONVERSION = YES_AGGRESSIVE;
				CLANG_CXX_LANGUAGE_STANDARD = "gnu++17";
				CLANG_ENABLE_MODULES = YES;
				CLANG_ENABLE_OBJC_ARC = YES;
				CLANG_ENABLE_OBJC_WEAK = YES;
				CLANG_WARN_BLOCK_CAPTURE_AUTORELEASING = YES;
				CLANG_WARN_BOOL_CONVERSION = YES;
				CLANG_WARN_COMMA = YES;
				CLANG_WARN_CONSTANT_CONVERSION = YES;
				CLANG_WARN_DEPRECATED_OBJC_IMPLEMENTATIONS = YES;
				CLANG_WARN_DIRECT_OBJC_ISA_USAGE = YES_ERROR;
				CLANG_WARN_DOCUMENTATION_COMMENTS = YES;
				CLANG_WARN_EMPTY_BODY = YES;
				CLANG_WARN_ENUM_CONVERSION = YES;
				CLANG_WARN_INFINITE_RECURSION = YES;
				CLANG_WARN_INT_CONVERSION = YES;
				CLANG_WARN_NON_LITERAL_NULL_CONVERSION = YES;
				CLANG_WARN_OBJC_IMPLICIT_RETAIN_SELF = YES;
				CLANG_WARN_OBJC_LITERAL_CONVERSION = YES;
				CLANG_WARN_OBJC_ROOT_CLASS = YES_ERROR;
				CLANG_WARN_QUOTED_INCLUDE_IN_FRAMEWORK_HEADER = YES;
				CLANG_WARN_RANGE_LOOP_ANALYSIS = YES;
				CLANG_WARN_STRICT_PROTOTYPES = YES;
				CLANG_WARN_SUSPICIOUS_MOVE = YES;
				CLANG_WARN_UNGUARDED_AVAILABILITY = YES_AGGRESSIVE;
				CLANG_WARN_UNREACHABLE_CODE = YES;
				CLANG_WARN__DUPLICATE_METHOD_MATCH = YES;
				COPY_PHASE_STRIP = NO;
				DEBUG_INFORMATION_FORMAT = "dwarf-with-dsym";
				ENABLE_NS_ASSERTIONS = NO;
				ENABLE_STRICT_OBJC_MSGSEND = YES;
				GCC_C_LANGUAGE_STANDARD = gnu11;
				GCC_NO_COMMON_BLOCKS = YES;
				GCC_WARN_64_TO_32_BIT_CONVERSION = YES;
				GCC_WARN_ABOUT_RETURN_TYPE = YES_ERROR;
				GCC_WARN_UNDECLARED_SELECTOR = YES;
				GCC_WARN_UNINITIALIZED_AUTOS = YES_AGGRESSIVE;
				GCC_WARN_UNUSED_FUNCTION = YES;
				GCC_WARN_UNUSED_VARIABLE = YES;
				IPHONEOS_DEPLOYMENT_TARGET = 15.5;
				MTL_ENABLE_DEBUG_INFO = NO;
				MTL_FAST_MATH = YES;
				SDKROOT = iphoneos;
				SWIFT_COMPILATION_MODE = wholemodule;
				SWIFT_OPTIMIZATION_LEVEL = "-O";
				VALIDATE_PRODUCT = YES;
			};
			name = Release;
		};
		A1ABD31229B3089300442C9B /* Debug */ = {
			isa = XCBuildConfiguration;
			buildSettings = {
				ASSETCATALOG_COMPILER_APPICON_NAME = AppIcon;
				ASSETCATALOG_COMPILER_GLOBAL_ACCENT_COLOR_NAME = AccentColor;
				CODE_SIGN_STYLE = Automatic;
				CURRENT_PROJECT_VERSION = 1;
				DEVELOPMENT_TEAM = "";
				GENERATE_INFOPLIST_FILE = YES;
				INFOPLIST_FILE = News/Info.plist;
				INFOPLIST_KEY_UIApplicationSupportsIndirectInputEvents = YES;
				INFOPLIST_KEY_UILaunchStoryboardName = LaunchScreen;
				INFOPLIST_KEY_UISupportedInterfaceOrientations_iPad = "UIInterfaceOrientationPortrait UIInterfaceOrientationPortraitUpsideDown UIInterfaceOrientationLandscapeLeft UIInterfaceOrientationLandscapeRight";
				INFOPLIST_KEY_UISupportedInterfaceOrientations_iPhone = "UIInterfaceOrientationPortrait UIInterfaceOrientationLandscapeLeft UIInterfaceOrientationLandscapeRight";
				LD_RUNPATH_SEARCH_PATHS = (
					"$(inherited)",
					"@executable_path/Frameworks",
				);
				MARKETING_VERSION = 1.0;
				PRODUCT_BUNDLE_IDENTIFIER = com.durlov.News;
				PRODUCT_NAME = "$(TARGET_NAME)";
				SWIFT_EMIT_LOC_STRINGS = YES;
				SWIFT_VERSION = 5.0;
				TARGETED_DEVICE_FAMILY = "1,2";
			};
			name = Debug;
		};
		A1ABD31329B3089300442C9B /* Release */ = {
			isa = XCBuildConfiguration;
			buildSettings = {
				ASSETCATALOG_COMPILER_APPICON_NAME = AppIcon;
				ASSETCATALOG_COMPILER_GLOBAL_ACCENT_COLOR_NAME = AccentColor;
				CODE_SIGN_STYLE = Automatic;
				CURRENT_PROJECT_VERSION = 1;
				DEVELOPMENT_TEAM = "";
				GENERATE_INFOPLIST_FILE = YES;
				INFOPLIST_FILE = News/Info.plist;
				INFOPLIST_KEY_UIApplicationSupportsIndirectInputEvents = YES;
				INFOPLIST_KEY_UILaunchStoryboardName = LaunchScreen;
				INFOPLIST_KEY_UISupportedInterfaceOrientations_iPad = "UIInterfaceOrientationPortrait UIInterfaceOrientationPortraitUpsideDown UIInterfaceOrientationLandscapeLeft UIInterfaceOrientationLandscapeRight";
				INFOPLIST_KEY_UISupportedInterfaceOrientations_iPhone = "UIInterfaceOrientationPortrait UIInterfaceOrientationLandscapeLeft UIInterfaceOrientationLandscapeRight";
				LD_RUNPATH_SEARCH_PATHS = (
					"$(inherited)",
					"@executable_path/Frameworks",
				);
				MARKETING_VERSION = 1.0;
				PRODUCT_BUNDLE_IDENTIFIER = com.durlov.News;
				PRODUCT_NAME = "$(TARGET_NAME)";
				SWIFT_EMIT_LOC_STRINGS = YES;
				SWIFT_VERSION = 5.0;
				TARGETED_DEVICE_FAMILY = "1,2";
			};
			name = Release;
		};
		A1ABD31529B3089300442C9B /* Debug */ = {
			isa = XCBuildConfiguration;
			buildSettings = {
				ALWAYS_EMBED_SWIFT_STANDARD_LIBRARIES = YES;
				BUNDLE_LOADER = "$(TEST_HOST)";
				CODE_SIGN_STYLE = Automatic;
				CURRENT_PROJECT_VERSION = 1;
				GENERATE_INFOPLIST_FILE = YES;
				IPHONEOS_DEPLOYMENT_TARGET = 15.5;
				MARKETING_VERSION = 1.0;
				PRODUCT_BUNDLE_IDENTIFIER = com.durlov.NewsTests;
				PRODUCT_NAME = "$(TARGET_NAME)";
				SWIFT_EMIT_LOC_STRINGS = NO;
				SWIFT_VERSION = 5.0;
				TARGETED_DEVICE_FAMILY = "1,2";
				TEST_HOST = "$(BUILT_PRODUCTS_DIR)/News.app/News";
			};
			name = Debug;
		};
		A1ABD31629B3089300442C9B /* Release */ = {
			isa = XCBuildConfiguration;
			buildSettings = {
				ALWAYS_EMBED_SWIFT_STANDARD_LIBRARIES = YES;
				BUNDLE_LOADER = "$(TEST_HOST)";
				CODE_SIGN_STYLE = Automatic;
				CURRENT_PROJECT_VERSION = 1;
				GENERATE_INFOPLIST_FILE = YES;
				IPHONEOS_DEPLOYMENT_TARGET = 15.5;
				MARKETING_VERSION = 1.0;
				PRODUCT_BUNDLE_IDENTIFIER = com.durlov.NewsTests;
				PRODUCT_NAME = "$(TARGET_NAME)";
				SWIFT_EMIT_LOC_STRINGS = NO;
				SWIFT_VERSION = 5.0;
				TARGETED_DEVICE_FAMILY = "1,2";
				TEST_HOST = "$(BUILT_PRODUCTS_DIR)/News.app/News";
			};
			name = Release;
		};
		A1ABD31829B3089300442C9B /* Debug */ = {
			isa = XCBuildConfiguration;
			buildSettings = {
				ALWAYS_EMBED_SWIFT_STANDARD_LIBRARIES = YES;
				CODE_SIGN_STYLE = Automatic;
				CURRENT_PROJECT_VERSION = 1;
				GENERATE_INFOPLIST_FILE = YES;
				MARKETING_VERSION = 1.0;
				PRODUCT_BUNDLE_IDENTIFIER = com.durlov.NewsUITests;
				PRODUCT_NAME = "$(TARGET_NAME)";
				SWIFT_EMIT_LOC_STRINGS = NO;
				SWIFT_VERSION = 5.0;
				TARGETED_DEVICE_FAMILY = "1,2";
				TEST_TARGET_NAME = News;
			};
			name = Debug;
		};
		A1ABD31929B3089300442C9B /* Release */ = {
			isa = XCBuildConfiguration;
			buildSettings = {
				ALWAYS_EMBED_SWIFT_STANDARD_LIBRARIES = YES;
				CODE_SIGN_STYLE = Automatic;
				CURRENT_PROJECT_VERSION = 1;
				GENERATE_INFOPLIST_FILE = YES;
				MARKETING_VERSION = 1.0;
				PRODUCT_BUNDLE_IDENTIFIER = com.durlov.NewsUITests;
				PRODUCT_NAME = "$(TARGET_NAME)";
				SWIFT_EMIT_LOC_STRINGS = NO;
				SWIFT_VERSION = 5.0;
				TARGETED_DEVICE_FAMILY = "1,2";
				TEST_TARGET_NAME = News;
			};
			name = Release;
		};
/* End XCBuildConfiguration section */

/* Begin XCConfigurationList section */
		A1ABD2E229B3088F00442C9B /* Build configuration list for PBXProject "News" */ = {
			isa = XCConfigurationList;
			buildConfigurations = (
				A1ABD30F29B3089300442C9B /* Debug */,
				A1ABD31029B3089300442C9B /* Release */,
			);
			defaultConfigurationIsVisible = 0;
			defaultConfigurationName = Release;
		};
		A1ABD31129B3089300442C9B /* Build configuration list for PBXNativeTarget "News" */ = {
			isa = XCConfigurationList;
			buildConfigurations = (
				A1ABD31229B3089300442C9B /* Debug */,
				A1ABD31329B3089300442C9B /* Release */,
			);
			defaultConfigurationIsVisible = 0;
			defaultConfigurationName = Release;
		};
		A1ABD31429B3089300442C9B /* Build configuration list for PBXNativeTarget "NewsTests" */ = {
			isa = XCConfigurationList;
			buildConfigurations = (
				A1ABD31529B3089300442C9B /* Debug */,
				A1ABD31629B3089300442C9B /* Release */,
			);
			defaultConfigurationIsVisible = 0;
			defaultConfigurationName = Release;
		};
		A1ABD31729B3089300442C9B /* Build configuration list for PBXNativeTarget "NewsUITests" */ = {
			isa = XCConfigurationList;
			buildConfigurations = (
				A1ABD31829B3089300442C9B /* Debug */,
				A1ABD31929B3089300442C9B /* Release */,
			);
			defaultConfigurationIsVisible = 0;
			defaultConfigurationName = Release;
		};
/* End XCConfigurationList section */
	};
	rootObject = A1ABD2DF29B3088F00442C9B /* Project object */;
}
